
Microsoft Visual Studio Solution File, Format Version 12.00
# Visual Studio Express 2012 for Windows Desktop
Project("{FAE04EC0-301F-11D3-BF4B-00C04F79EFBC}") = "ExceptionInterceptor", "ExceptionInterceptor\ExceptionInterceptor.csproj", "{ACCE2A5D-3BD5-42CC-BF15-3C3AC97B3A88}"
EndProject
Project("{FAE04EC0-301F-11D3-BF4B-00C04F79EFBC}") = "Interceptor", "Interceptor\Interceptor.csproj", "{4F5197BB-D17F-4E99-ADBE-2A97920B77EF}"
EndProject
Global
	GlobalSection(SolutionConfigurationPlatforms) = preSolution
		Debug|Any CPU = Debug|Any CPU
		Release|Any CPU = Release|Any CPU
	EndGlobalSection
	GlobalSection(ProjectConfigurationPlatforms) = postSolution
		{ACCE2A5D-3BD5-42CC-BF15-3C3AC97B3A88}.Debug|Any CPU.ActiveCfg = Debug|Any CPU
		{ACCE2A5D-3BD5-42CC-BF15-3C3AC97B3A88}.Debug|Any CPU.Build.0 = Debug|Any CPU
		{ACCE2A5D-3BD5-42CC-BF15-3C3AC97B3A88}.Release|Any CPU.ActiveCfg = Release|Any CPU
		{ACCE2A5D-3BD5-42CC-BF15-3C3AC97B3A88}.Release|Any CPU.Build.0 = Release|Any CPU
		{4F5197BB-D17F-4E99-ADBE-2A97920B77EF}.Debug|Any CPU.ActiveCfg = Debug|Any CPU
		{4F5197BB-D17F-4E99-ADBE-2A97920B77EF}.Debug|Any CPU.Build.0 = Debug|Any CPU
		{4F5197BB-D17F-4E99-ADBE-2A97920B77EF}.Release|Any CPU.ActiveCfg = Release|Any CPU
		{4F5197BB-D17F-4E99-ADBE-2A97920B77EF}.Release|Any CPU.Build.0 = Release|Any CPU
	EndGlobalSection
	GlobalSection(SolutionProperties) = preSolution
		HideSolutionNode = FALSE
	EndGlobalSection
EndGlobal
